
Microsoft Visual Studio Solution File, Format Version 12.00
# Visual Studio Version 17
VisualStudioVersion = 17.5.33530.505
MinimumVisualStudioVersion = 10.0.40219.1
Project("{FAE04EC0-301F-11D3-BF4B-00C04F79EFBC}") = "InheritanceDe2", "InheritanceDe2\InheritanceDe2.csproj", "{F4F0721C-7FE7-4CE8-85EC-2564F308007B}"
EndProject
Global
	GlobalSection(SolutionConfigurationPlatforms) = preSolution
		Debug|Any CPU = Debug|Any CPU
		Release|Any CPU = Release|Any CPU
	EndGlobalSection
	GlobalSection(ProjectConfigurationPlatforms) = postSolution
		{F4F0721C-7FE7-4CE8-85EC-2564F308007B}.Debug|Any CPU.ActiveCfg = Debug|Any CPU
		{F4F0721C-7FE7-4CE8-85EC-2564F308007B}.Debug|Any CPU.Build.0 = Debug|Any CPU
		{F4F0721C-7FE7-4CE8-85EC-2564F308007B}.Release|Any CPU.ActiveCfg = Release|Any CPU
		{F4F0721C-7FE7-4CE8-85EC-2564F308007B}.Release|Any CPU.Build.0 = Release|Any CPU
	EndGlobalSection
	GlobalSection(SolutionProperties) = preSolution
		HideSolutionNode = FALSE
	EndGlobalSection
	GlobalSection(ExtensibilityGlobals) = postSolution
		SolutionGuid = {EA66C731-F8A0-44A6-AECB-774CD07E9B8C}
	EndGlobalSection
EndGlobal
